
Microsoft Visual Studio Solution File, Format Version 12.00
# Visual Studio Version 17
VisualStudioVersion = 17.9.34622.214
MinimumVisualStudioVersion = 10.0.40219.1
Project("{FAE04EC0-301F-11D3-BF4B-00C04F79EFBC}") = "GCScript EF Relationships Generator", "GCScript EF Relationships Generator.csproj", "{6B209BF6-387F-486B-879B-E0681BDF772A}"
EndProject
Global
	GlobalSection(SolutionConfigurationPlatforms) = preSolution
		Debug|Any CPU = Debug|Any CPU
		Release|Any CPU = Release|Any CPU
	EndGlobalSection
	GlobalSection(ProjectConfigurationPlatforms) = postSolution
		{6B209BF6-387F-486B-879B-E0681BDF772A}.Debug|Any CPU.ActiveCfg = Debug|Any CPU
		{6B209BF6-387F-486B-879B-E0681BDF772A}.Debug|Any CPU.Build.0 = Debug|Any CPU
		{6B209BF6-387F-486B-879B-E0681BDF772A}.Release|Any CPU.ActiveCfg = Release|Any CPU
		{6B209BF6-387F-486B-879B-E0681BDF772A}.Release|Any CPU.Build.0 = Release|Any CPU
	EndGlobalSection
	GlobalSection(SolutionProperties) = preSolution
		HideSolutionNode = FALSE
	EndGlobalSection
	GlobalSection(ExtensibilityGlobals) = postSolution
		SolutionGuid = {19247AFB-7A0F-45B6-A12A-540AAC8E7D38}
	EndGlobalSection
EndGlobal
